// !$*UTF8*$!
{
	archiveVersion = 1;
	classes = {
	};
	objectVersion = 56;
	objects = {

/* Begin PBXBuildFile section */
		59C8FC6E2922EC5400A0AAF6 /* restaurantApp.swift in Sources */ = {isa = PBXBuildFile; fileRef = 59C8FC6D2922EC5400A0AAF6 /* restaurantApp.swift */; };
		59C8FC702922EC5400A0AAF6 /* ContentView.swift in Sources */ = {isa = PBXBuildFile; fileRef = 59C8FC6F2922EC5400A0AAF6 /* ContentView.swift */; };
		59C8FC722922EC5500A0AAF6 /* Assets.xcassets in Resources */ = {isa = PBXBuildFile; fileRef = 59C8FC712922EC5500A0AAF6 /* Assets.xcassets */; };
		59C8FC752922EC5500A0AAF6 /* Preview Assets.xcassets in Resources */ = {isa = PBXBuildFile; fileRef = 59C8FC742922EC5500A0AAF6 /* Preview Assets.xcassets */; };
		ACDD470F29249AEB0006ED5F /* Menu.swift in Sources */ = {isa = PBXBuildFile; fileRef = ACDD470E29249AEB0006ED5F /* Menu.swift */; };
		ACDD47132924AD630006ED5F /* Home.swift in Sources */ = {isa = PBXBuildFile; fileRef = ACDD47122924AD630006ED5F /* Home.swift */; };
		ACDD47152924B1BD0006ED5F /* HomeViewModel.swift in Sources */ = {isa = PBXBuildFile; fileRef = ACDD47142924B1BD0006ED5F /* HomeViewModel.swift */; };
		ACDD47172924C7550006ED5F /* Sidebar.swift in Sources */ = {isa = PBXBuildFile; fileRef = ACDD47162924C7550006ED5F /* Sidebar.swift */; };
		ACDD47192924EE9A0006ED5F /* LoginViewModel.swift in Sources */ = {isa = PBXBuildFile; fileRef = ACDD47182924EE9A0006ED5F /* LoginViewModel.swift */; };
		ACDD471C2924F9ED0006ED5F /* AuthorizationService.swift in Sources */ = {isa = PBXBuildFile; fileRef = ACDD471B2924F9ED0006ED5F /* AuthorizationService.swift */; };
		ACDD471E29250DD40006ED5F /* Login.swift in Sources */ = {isa = PBXBuildFile; fileRef = ACDD471D29250DD40006ED5F /* Login.swift */; };
		ACDD472029250E1D0006ED5F /* Registration.swift in Sources */ = {isa = PBXBuildFile; fileRef = ACDD471F29250E1D0006ED5F /* Registration.swift */; };
		ACDD47242925288B0006ED5F /* MenuWebService.swift in Sources */ = {isa = PBXBuildFile; fileRef = ACDD47232925288B0006ED5F /* MenuWebService.swift */; };
/* End PBXBuildFile section */

/* Begin PBXFileReference section */
		59403FBA29246E1F003FAA2D /* Info.plist */ = {isa = PBXFileReference; lastKnownFileType = text.plist; path = Info.plist; sourceTree = "<group>"; };
		59C8FC6A2922EC5400A0AAF6 /* restaurant.app */ = {isa = PBXFileReference; explicitFileType = wrapper.application; includeInIndex = 0; path = restaurant.app; sourceTree = BUILT_PRODUCTS_DIR; };
		59C8FC6D2922EC5400A0AAF6 /* restaurantApp.swift */ = {isa = PBXFileReference; lastKnownFileType = sourcecode.swift; path = restaurantApp.swift; sourceTree = "<group>"; };
		59C8FC6F2922EC5400A0AAF6 /* ContentView.swift */ = {isa = PBXFileReference; lastKnownFileType = sourcecode.swift; path = ContentView.swift; sourceTree = "<group>"; };
		59C8FC712922EC5500A0AAF6 /* Assets.xcassets */ = {isa = PBXFileReference; lastKnownFileType = folder.assetcatalog; path = Assets.xcassets; sourceTree = "<group>"; };
		59C8FC742922EC5500A0AAF6 /* Preview Assets.xcassets */ = {isa = PBXFileReference; lastKnownFileType = folder.assetcatalog; path = "Preview Assets.xcassets"; sourceTree = "<group>"; };
		ACDD470E29249AEB0006ED5F /* Menu.swift */ = {isa = PBXFileReference; lastKnownFileType = sourcecode.swift; path = Menu.swift; sourceTree = "<group>"; };
		ACDD47122924AD630006ED5F /* Home.swift */ = {isa = PBXFileReference; lastKnownFileType = sourcecode.swift; path = Home.swift; sourceTree = "<group>"; };
		ACDD47142924B1BD0006ED5F /* HomeViewModel.swift */ = {isa = PBXFileReference; lastKnownFileType = sourcecode.swift; path = HomeViewModel.swift; sourceTree = "<group>"; };
		ACDD47162924C7550006ED5F /* Sidebar.swift */ = {isa = PBXFileReference; lastKnownFileType = sourcecode.swift; path = Sidebar.swift; sourceTree = "<group>"; };
		ACDD47182924EE9A0006ED5F /* LoginViewModel.swift */ = {isa = PBXFileReference; lastKnownFileType = sourcecode.swift; path = LoginViewModel.swift; sourceTree = "<group>"; };
		ACDD471B2924F9ED0006ED5F /* AuthorizationService.swift */ = {isa = PBXFileReference; lastKnownFileType = sourcecode.swift; path = AuthorizationService.swift; sourceTree = "<group>"; };
		ACDD471D29250DD40006ED5F /* Login.swift */ = {isa = PBXFileReference; lastKnownFileType = sourcecode.swift; path = Login.swift; sourceTree = "<group>"; };
		ACDD471F29250E1D0006ED5F /* Registration.swift */ = {isa = PBXFileReference; lastKnownFileType = sourcecode.swift; path = Registration.swift; sourceTree = "<group>"; };
		ACDD47232925288B0006ED5F /* MenuWebService.swift */ = {isa = PBXFileReference; lastKnownFileType = sourcecode.swift; path = MenuWebService.swift; sourceTree = "<group>"; };
/* End PBXFileReference section */

/* Begin PBXFrameworksBuildPhase section */
		59C8FC672922EC5400A0AAF6 /* Frameworks */ = {
			isa = PBXFrameworksBuildPhase;
			buildActionMask = 2147483647;
			files = (
			);
			runOnlyForDeploymentPostprocessing = 0;
		};
/* End PBXFrameworksBuildPhase section */

/* Begin PBXGroup section */
		59C8FC612922EC5400A0AAF6 = {
			isa = PBXGroup;
			children = (
				59C8FC6C2922EC5400A0AAF6 /* restaurant */,
				59C8FC6B2922EC5400A0AAF6 /* Products */,
			);
			sourceTree = "<group>";
		};
		59C8FC6B2922EC5400A0AAF6 /* Products */ = {
			isa = PBXGroup;
			children = (
				59C8FC6A2922EC5400A0AAF6 /* restaurant.app */,
			);
			name = Products;
			sourceTree = "<group>";
		};
		59C8FC6C2922EC5400A0AAF6 /* restaurant */ = {
			isa = PBXGroup;
			children = (
				ACDD471A2924F9CC0006ED5F /* WebServices */,
				ACDD47112924AC500006ED5F /* ViewModels */,
				ACDD47102924AC360006ED5F /* Views */,
				ACDD470D29249AC50006ED5F /* Models */,
				59403FBA29246E1F003FAA2D /* Info.plist */,
				59C8FC6D2922EC5400A0AAF6 /* restaurantApp.swift */,
				59C8FC6F2922EC5400A0AAF6 /* ContentView.swift */,
				59C8FC712922EC5500A0AAF6 /* Assets.xcassets */,
				59C8FC732922EC5500A0AAF6 /* Preview Content */,
			);
			path = restaurant;
			sourceTree = "<group>";
		};
		59C8FC732922EC5500A0AAF6 /* Preview Content */ = {
			isa = PBXGroup;
			children = (
				59C8FC742922EC5500A0AAF6 /* Preview Assets.xcassets */,
			);
			path = "Preview Content";
			sourceTree = "<group>";
		};
		ACDD470D29249AC50006ED5F /* Models */ = {
			isa = PBXGroup;
			children = (
				ACDD470E29249AEB0006ED5F /* Menu.swift */,
			);
			path = Models;
			sourceTree = "<group>";
		};
		ACDD47102924AC360006ED5F /* Views */ = {
			isa = PBXGroup;
			children = (
				ACDD47122924AD630006ED5F /* Home.swift */,
				ACDD47162924C7550006ED5F /* Sidebar.swift */,
				ACDD471D29250DD40006ED5F /* Login.swift */,
				ACDD471F29250E1D0006ED5F /* Registration.swift */,
			);
			path = Views;
			sourceTree = "<group>";
		};
		ACDD47112924AC500006ED5F /* ViewModels */ = {
			isa = PBXGroup;
			children = (
				ACDD47142924B1BD0006ED5F /* HomeViewModel.swift */,
				ACDD47182924EE9A0006ED5F /* LoginViewModel.swift */,
			);
			path = ViewModels;
			sourceTree = "<group>";
		};
		ACDD471A2924F9CC0006ED5F /* WebServices */ = {
			isa = PBXGroup;
			children = (
				ACDD471B2924F9ED0006ED5F /* AuthorizationService.swift */,
				ACDD47232925288B0006ED5F /* MenuWebService.swift */,
			);
			path = WebServices;
			sourceTree = "<group>";
		};
/* End PBXGroup section */

/* Begin PBXNativeTarget section */
		59C8FC692922EC5400A0AAF6 /* restaurant */ = {
			isa = PBXNativeTarget;
			buildConfigurationList = 59C8FC782922EC5500A0AAF6 /* Build configuration list for PBXNativeTarget "restaurant" */;
			buildPhases = (
				59C8FC662922EC5400A0AAF6 /* Sources */,
				59C8FC672922EC5400A0AAF6 /* Frameworks */,
				59C8FC682922EC5400A0AAF6 /* Resources */,
			);
			buildRules = (
			);
			dependencies = (
			);
			name = restaurant;
			productName = restaurant;
			productReference = 59C8FC6A2922EC5400A0AAF6 /* restaurant.app */;
			productType = "com.apple.product-type.application";
		};
/* End PBXNativeTarget section */

/* Begin PBXProject section */
		59C8FC622922EC5400A0AAF6 /* Project object */ = {
			isa = PBXProject;
			attributes = {
				BuildIndependentTargetsInParallel = 1;
				LastSwiftUpdateCheck = 1400;
				LastUpgradeCheck = 1400;
				TargetAttributes = {
					59C8FC692922EC5400A0AAF6 = {
						CreatedOnToolsVersion = 14.0;
					};
				};
			};
			buildConfigurationList = 59C8FC652922EC5400A0AAF6 /* Build configuration list for PBXProject "restaurant" */;
			compatibilityVersion = "Xcode 14.0";
			developmentRegion = en;
			hasScannedForEncodings = 0;
			knownRegions = (
				en,
				Base,
			);
			mainGroup = 59C8FC612922EC5400A0AAF6;
			productRefGroup = 59C8FC6B2922EC5400A0AAF6 /* Products */;
			projectDirPath = "";
			projectRoot = "";
			targets = (
				59C8FC692922EC5400A0AAF6 /* restaurant */,
			);
		};
/* End PBXProject section */

/* Begin PBXResourcesBuildPhase section */
		59C8FC682922EC5400A0AAF6 /* Resources */ = {
			isa = PBXResourcesBuildPhase;
			buildActionMask = 2147483647;
			files = (
				59C8FC752922EC5500A0AAF6 /* Preview Assets.xcassets in Resources */,
				59C8FC722922EC5500A0AAF6 /* Assets.xcassets in Resources */,
			);
			runOnlyForDeploymentPostprocessing = 0;
		};
/* End PBXResourcesBuildPhase section */

/* Begin PBXSourcesBuildPhase section */
		59C8FC662922EC5400A0AAF6 /* Sources */ = {
			isa = PBXSourcesBuildPhase;
			buildActionMask = 2147483647;
			files = (
				ACDD47242925288B0006ED5F /* MenuWebService.swift in Sources */,
				ACDD470F29249AEB0006ED5F /* Menu.swift in Sources */,
				59C8FC702922EC5400A0AAF6 /* ContentView.swift in Sources */,
				ACDD47132924AD630006ED5F /* Home.swift in Sources */,
				ACDD47152924B1BD0006ED5F /* HomeViewModel.swift in Sources */,
				ACDD47172924C7550006ED5F /* Sidebar.swift in Sources */,
				59C8FC6E2922EC5400A0AAF6 /* restaurantApp.swift in Sources */,
				ACDD471E29250DD40006ED5F /* Login.swift in Sources */,
				ACDD47192924EE9A0006ED5F /* LoginViewModel.swift in Sources */,
				ACDD472029250E1D0006ED5F /* Registration.swift in Sources */,
				ACDD471C2924F9ED0006ED5F /* AuthorizationService.swift in Sources */,
			);
			runOnlyForDeploymentPostprocessing = 0;
		};
/* End PBXSourcesBuildPhase section */

/* Begin XCBuildConfiguration section */
		59C8FC762922EC5500A0AAF6 /* Debug */ = {
			isa = XCBuildConfiguration;
			buildSettings = {
				ALWAYS_SEARCH_USER_PATHS = NO;
				CLANG_ANALYZER_NONNULL = YES;
				CLANG_ANALYZER_NUMBER_OBJECT_CONVERSION = YES_AGGRESSIVE;
				CLANG_CXX_LANGUAGE_STANDARD = "gnu++20";
				CLANG_ENABLE_MODULES = YES;
				CLANG_ENABLE_OBJC_ARC = YES;
				CLANG_ENABLE_OBJC_WEAK = YES;
				CLANG_WARN_BLOCK_CAPTURE_AUTORELEASING = YES;
				CLANG_WARN_BOOL_CONVERSION = YES;
				CLANG_WARN_COMMA = YES;
				CLANG_WARN_CONSTANT_CONVERSION = YES;
				CLANG_WARN_DEPRECATED_OBJC_IMPLEMENTATIONS = YES;
				CLANG_WARN_DIRECT_OBJC_ISA_USAGE = YES_ERROR;
				CLANG_WARN_DOCUMENTATION_COMMENTS = YES;
				CLANG_WARN_EMPTY_BODY = YES;
				CLANG_WARN_ENUM_CONVERSION = YES;
				CLANG_WARN_INFINITE_RECURSION = YES;
				CLANG_WARN_INT_CONVERSION = YES;
				CLANG_WARN_NON_LITERAL_NULL_CONVERSION = YES;
				CLANG_WARN_OBJC_IMPLICIT_RETAIN_SELF = YES;
				CLANG_WARN_OBJC_LITERAL_CONVERSION = YES;
				CLANG_WARN_OBJC_ROOT_CLASS = YES_ERROR;
				CLANG_WARN_QUOTED_INCLUDE_IN_FRAMEWORK_HEADER = YES;
				CLANG_WARN_RANGE_LOOP_ANALYSIS = YES;
				CLANG_WARN_STRICT_PROTOTYPES = YES;
				CLANG_WARN_SUSPICIOUS_MOVE = YES;
				CLANG_WARN_UNGUARDED_AVAILABILITY = YES_AGGRESSIVE;
				CLANG_WARN_UNREACHABLE_CODE = YES;
				CLANG_WARN__DUPLICATE_METHOD_MATCH = YES;
				COPY_PHASE_STRIP = NO;
				DEBUG_INFORMATION_FORMAT = dwarf;
				ENABLE_STRICT_OBJC_MSGSEND = YES;
				ENABLE_TESTABILITY = YES;
				GCC_C_LANGUAGE_STANDARD = gnu11;
				GCC_DYNAMIC_NO_PIC = NO;
				GCC_NO_COMMON_BLOCKS = YES;
				GCC_OPTIMIZATION_LEVEL = 0;
				GCC_PREPROCESSOR_DEFINITIONS = (
					"DEBUG=1",
					"$(inherited)",
				);
				GCC_WARN_64_TO_32_BIT_CONVERSION = YES;
				GCC_WARN_ABOUT_RETURN_TYPE = YES_ERROR;
				GCC_WARN_UNDECLARED_SELECTOR = YES;
				GCC_WARN_UNINITIALIZED_AUTOS = YES_AGGRESSIVE;
				GCC_WARN_UNUSED_FUNCTION = YES;
				GCC_WARN_UNUSED_VARIABLE = YES;
				IPHONEOS_DEPLOYMENT_TARGET = 16.0;
				MTL_ENABLE_DEBUG_INFO = INCLUDE_SOURCE;
				MTL_FAST_MATH = YES;
				ONLY_ACTIVE_ARCH = YES;
				SDKROOT = iphoneos;
				SWIFT_ACTIVE_COMPILATION_CONDITIONS = DEBUG;
				SWIFT_OPTIMIZATION_LEVEL = "-Onone";
			};
			name = Debug;
		};
		59C8FC772922EC5500A0AAF6 /* Release */ = {
			isa = XCBuildConfiguration;
			buildSettings = {
				ALWAYS_SEARCH_USER_PATHS = NO;
				CLANG_ANALYZER_NONNULL = YES;
				CLANG_ANALYZER_NUMBER_OBJECT_CONVERSION = YES_AGGRESSIVE;
				CLANG_CXX_LANGUAGE_STANDARD = "gnu++20";
				CLANG_ENABLE_MODULES = YES;
				CLANG_ENABLE_OBJC_ARC = YES;
				CLANG_ENABLE_OBJC_WEAK = YES;
				CLANG_WARN_BLOCK_CAPTURE_AUTORELEASING = YES;
				CLANG_WARN_BOOL_CONVERSION = YES;
				CLANG_WARN_COMMA = YES;
				CLANG_WARN_CONSTANT_CONVERSION = YES;
				CLANG_WARN_DEPRECATED_OBJC_IMPLEMENTATIONS = YES;
				CLANG_WARN_DIRECT_OBJC_ISA_USAGE = YES_ERROR;
				CLANG_WARN_DOCUMENTATION_COMMENTS = YES;
				CLANG_WARN_EMPTY_BODY = YES;
				CLANG_WARN_ENUM_CONVERSION = YES;
				CLANG_WARN_INFINITE_RECURSION = YES;
				CLANG_WARN_INT_CONVERSION = YES;
				CLANG_WARN_NON_LITERAL_NULL_CONVERSION = YES;
				CLANG_WARN_OBJC_IMPLICIT_RETAIN_SELF = YES;
				CLANG_WARN_OBJC_LITERAL_CONVERSION = YES;
				CLANG_WARN_OBJC_ROOT_CLASS = YES_ERROR;
				CLANG_WARN_QUOTED_INCLUDE_IN_FRAMEWORK_HEADER = YES;
				CLANG_WARN_RANGE_LOOP_ANALYSIS = YES;
				CLANG_WARN_STRICT_PROTOTYPES = YES;
				CLANG_WARN_SUSPICIOUS_MOVE = YES;
				CLANG_WARN_UNGUARDED_AVAILABILITY = YES_AGGRESSIVE;
				CLANG_WARN_UNREACHABLE_CODE = YES;
				CLANG_WARN__DUPLICATE_METHOD_MATCH = YES;
				COPY_PHASE_STRIP = NO;
				DEBUG_INFORMATION_FORMAT = "dwarf-with-dsym";
				ENABLE_NS_ASSERTIONS = NO;
				ENABLE_STRICT_OBJC_MSGSEND = YES;
				GCC_C_LANGUAGE_STANDARD = gnu11;
				GCC_NO_COMMON_BLOCKS = YES;
				GCC_WARN_64_TO_32_BIT_CONVERSION = YES;
				GCC_WARN_ABOUT_RETURN_TYPE = YES_ERROR;
				GCC_WARN_UNDECLARED_SELECTOR = YES;
				GCC_WARN_UNINITIALIZED_AUTOS = YES_AGGRESSIVE;
				GCC_WARN_UNUSED_FUNCTION = YES;
				GCC_WARN_UNUSED_VARIABLE = YES;
				IPHONEOS_DEPLOYMENT_TARGET = 16.0;
				MTL_ENABLE_DEBUG_INFO = NO;
				MTL_FAST_MATH = YES;
				SDKROOT = iphoneos;
				SWIFT_COMPILATION_MODE = wholemodule;
				SWIFT_OPTIMIZATION_LEVEL = "-O";
				VALIDATE_PRODUCT = YES;
			};
			name = Release;
		};
		59C8FC792922EC5500A0AAF6 /* Debug */ = {
			isa = XCBuildConfiguration;
			buildSettings = {
				ASSETCATALOG_COMPILER_APPICON_NAME = AppIcon;
				ASSETCATALOG_COMPILER_GLOBAL_ACCENT_COLOR_NAME = AccentColor;
				CODE_SIGN_STYLE = Automatic;
				CURRENT_PROJECT_VERSION = 1;
				DEVELOPMENT_ASSET_PATHS = "\"restaurant/Preview Content\"";
				ENABLE_PREVIEWS = YES;
				GENERATE_INFOPLIST_FILE = YES;
				INFOPLIST_FILE = restaurant/Info.plist;
				INFOPLIST_KEY_UIApplicationSceneManifest_Generation = YES;
				INFOPLIST_KEY_UIApplicationSupportsIndirectInputEvents = YES;
				INFOPLIST_KEY_UISupportedInterfaceOrientations_iPad = "UIInterfaceOrientationPortrait UIInterfaceOrientationPortraitUpsideDown UIInterfaceOrientationLandscapeLeft UIInterfaceOrientationLandscapeRight";
				INFOPLIST_KEY_UISupportedInterfaceOrientations_iPhone = "UIInterfaceOrientationPortrait UIInterfaceOrientationLandscapeLeft UIInterfaceOrientationLandscapeRight";
				LD_RUNPATH_SEARCH_PATHS = (
					"$(inherited)",
					"@executable_path/Frameworks",
				);
				MARKETING_VERSION = 1.0;
				PRODUCT_BUNDLE_IDENTIFIER = jalapenos.restaurant;
				PRODUCT_NAME = "$(TARGET_NAME)";
				SWIFT_EMIT_LOC_STRINGS = YES;
				SWIFT_VERSION = 5.0;
				TARGETED_DEVICE_FAMILY = "1,2";
			};
			name = Debug;
		};
		59C8FC7A2922EC5500A0AAF6 /* Release */ = {
			isa = XCBuildConfiguration;
			buildSettings = {
				ASSETCATALOG_COMPILER_APPICON_NAME = AppIcon;
				ASSETCATALOG_COMPILER_GLOBAL_ACCENT_COLOR_NAME = AccentColor;
				CODE_SIGN_STYLE = Automatic;
				CURRENT_PROJECT_VERSION = 1;
				DEVELOPMENT_ASSET_PATHS = "\"restaurant/Preview Content\"";
				ENABLE_PREVIEWS = YES;
				GENERATE_INFOPLIST_FILE = YES;
				INFOPLIST_FILE = restaurant/Info.plist;
				INFOPLIST_KEY_UIApplicationSceneManifest_Generation = YES;
				INFOPLIST_KEY_UIApplicationSupportsIndirectInputEvents = YES;
				INFOPLIST_KEY_UISupportedInterfaceOrientations_iPad = "UIInterfaceOrientationPortrait UIInterfaceOrientationPortraitUpsideDown UIInterfaceOrientationLandscapeLeft UIInterfaceOrientationLandscapeRight";
				INFOPLIST_KEY_UISupportedInterfaceOrientations_iPhone = "UIInterfaceOrientationPortrait UIInterfaceOrientationLandscapeLeft UIInterfaceOrientationLandscapeRight";
				LD_RUNPATH_SEARCH_PATHS = (
					"$(inherited)",
					"@executable_path/Frameworks",
				);
				MARKETING_VERSION = 1.0;
				PRODUCT_BUNDLE_IDENTIFIER = jalapenos.restaurant;
				PRODUCT_NAME = "$(TARGET_NAME)";
				SWIFT_EMIT_LOC_STRINGS = YES;
				SWIFT_VERSION = 5.0;
				TARGETED_DEVICE_FAMILY = "1,2";
			};
			name = Release;
		};
/* End XCBuildConfiguration section */

/* Begin XCConfigurationList section */
		59C8FC652922EC5400A0AAF6 /* Build configuration list for PBXProject "restaurant" */ = {
			isa = XCConfigurationList;
			buildConfigurations = (
				59C8FC762922EC5500A0AAF6 /* Debug */,
				59C8FC772922EC5500A0AAF6 /* Release */,
			);
			defaultConfigurationIsVisible = 0;
			defaultConfigurationName = Release;
		};
		59C8FC782922EC5500A0AAF6 /* Build configuration list for PBXNativeTarget "restaurant" */ = {
			isa = XCConfigurationList;
			buildConfigurations = (
				59C8FC792922EC5500A0AAF6 /* Debug */,
				59C8FC7A2922EC5500A0AAF6 /* Release */,
			);
			defaultConfigurationIsVisible = 0;
			defaultConfigurationName = Release;
		};
/* End XCConfigurationList section */
	};
	rootObject = 59C8FC622922EC5400A0AAF6 /* Project object */;
}
